
Microsoft Visual Studio Solution File, Format Version 12.00
# Visual Studio 15
VisualStudioVersion = 15.0.28307.489
MinimumVisualStudioVersion = 10.0.40219.1
Project("{FAE04EC0-301F-11D3-BF4B-00C04F79EFBC}") = "Controle_Motor", "Controle_Motor\Controle_Motor.csproj", "{D6B8EA3A-BA50-488E-9168-938D76B58ED5}"
EndProject
Global
	GlobalSection(SolutionConfigurationPlatforms) = preSolution
		Debug|Any CPU = Debug|Any CPU
		Release|Any CPU = Release|Any CPU
	EndGlobalSection
	GlobalSection(ProjectConfigurationPlatforms) = postSolution
		{D6B8EA3A-BA50-488E-9168-938D76B58ED5}.Debug|Any CPU.ActiveCfg = Debug|Any CPU
		{D6B8EA3A-BA50-488E-9168-938D76B58ED5}.Debug|Any CPU.Build.0 = Debug|Any CPU
		{D6B8EA3A-BA50-488E-9168-938D76B58ED5}.Release|Any CPU.ActiveCfg = Release|Any CPU
		{D6B8EA3A-BA50-488E-9168-938D76B58ED5}.Release|Any CPU.Build.0 = Release|Any CPU
	EndGlobalSection
	GlobalSection(SolutionProperties) = preSolution
		HideSolutionNode = FALSE
	EndGlobalSection
	GlobalSection(ExtensibilityGlobals) = postSolution
		SolutionGuid = {FF96FF95-CF0F-438A-BF94-3E7A6E24CC6F}
	EndGlobalSection
EndGlobal
